
Microsoft Visual Studio Solution File, Format Version 12.00
# Visual Studio 2012
Project("{8BC9CEB8-8B4A-11D0-8D11-00A0C91BC942}") = "예제4_13_문자열 입력받고 회전시키기", "예제4_13_문자열 입력받고 회전시키기\예제4_13_문자열 입력받고 회전시키기.vcxproj", "{FAD4C839-EEC4-4E0E-AE1A-9859DEA7B4EA}"
EndProject
Global
	GlobalSection(SolutionConfigurationPlatforms) = preSolution
		Debug|Win32 = Debug|Win32
		Release|Win32 = Release|Win32
	EndGlobalSection
	GlobalSection(ProjectConfigurationPlatforms) = postSolution
		{FAD4C839-EEC4-4E0E-AE1A-9859DEA7B4EA}.Debug|Win32.ActiveCfg = Debug|Win32
		{FAD4C839-EEC4-4E0E-AE1A-9859DEA7B4EA}.Debug|Win32.Build.0 = Debug|Win32
		{FAD4C839-EEC4-4E0E-AE1A-9859DEA7B4EA}.Release|Win32.ActiveCfg = Release|Win32
		{FAD4C839-EEC4-4E0E-AE1A-9859DEA7B4EA}.Release|Win32.Build.0 = Release|Win32
	EndGlobalSection
	GlobalSection(SolutionProperties) = preSolution
		HideSolutionNode = FALSE
	EndGlobalSection
EndGlobal
