
Microsoft Visual Studio Solution File, Format Version 12.00
# Visual Studio 2012
Project("{8BC9CEB8-8B4A-11D0-8D11-00A0C91BC942}") = "161014_Circle배열 분리", "161014_Circle배열 분리\161014_Circle배열 분리.vcxproj", "{3D82C2F8-65AE-4B0A-8712-DE0DE7628AB0}"
EndProject
Global
	GlobalSection(SolutionConfigurationPlatforms) = preSolution
		Debug|Win32 = Debug|Win32
		Release|Win32 = Release|Win32
	EndGlobalSection
	GlobalSection(ProjectConfigurationPlatforms) = postSolution
		{3D82C2F8-65AE-4B0A-8712-DE0DE7628AB0}.Debug|Win32.ActiveCfg = Debug|Win32
		{3D82C2F8-65AE-4B0A-8712-DE0DE7628AB0}.Debug|Win32.Build.0 = Debug|Win32
		{3D82C2F8-65AE-4B0A-8712-DE0DE7628AB0}.Release|Win32.ActiveCfg = Release|Win32
		{3D82C2F8-65AE-4B0A-8712-DE0DE7628AB0}.Release|Win32.Build.0 = Release|Win32
	EndGlobalSection
	GlobalSection(SolutionProperties) = preSolution
		HideSolutionNode = FALSE
	EndGlobalSection
EndGlobal
